// !$*UTF8*$!
{
	archiveVersion = 1;
	classes = {
	};
	objectVersion = 50;
	objects = {

/* Begin PBXBuildFile section */
		6F635845228222AA0051DAE1 /* AppDelegate.swift in Sources */ = {isa = PBXBuildFile; fileRef = 6F635844228222AA0051DAE1 /* AppDelegate.swift */; };
		6F635847228222AA0051DAE1 /* PricingViewController.swift in Sources */ = {isa = PBXBuildFile; fileRef = 6F635846228222AA0051DAE1 /* PricingViewController.swift */; };
		6F635849228222AC0051DAE1 /* Assets.xcassets in Resources */ = {isa = PBXBuildFile; fileRef = 6F635848228222AC0051DAE1 /* Assets.xcassets */; };
		6F63584C228222AC0051DAE1 /* Main.storyboard in Resources */ = {isa = PBXBuildFile; fileRef = 6F63584A228222AC0051DAE1 /* Main.storyboard */; };
		6F8BF47622B19C6500A64DD9 /* LoginService.swift in Sources */ = {isa = PBXBuildFile; fileRef = 6F8BF47522B19C6500A64DD9 /* LoginService.swift */; };
		6F8BF47822B1B0DA00A64DD9 /* PricingListViewController.swift in Sources */ = {isa = PBXBuildFile; fileRef = 6F8BF47722B1B0DA00A64DD9 /* PricingListViewController.swift */; };
		6FB0658722AED7920040608F /* LoginViewController.swift in Sources */ = {isa = PBXBuildFile; fileRef = 6FB0658522AED7920040608F /* LoginViewController.swift */; };
		6FB83F24229DFCD50053F797 /* Stores.json in Resources */ = {isa = PBXBuildFile; fileRef = 6FB83F21229DFCD50053F797 /* Stores.json */; };
		6FB83F25229DFCD50053F797 /* Products.json in Resources */ = {isa = PBXBuildFile; fileRef = 6FB83F22229DFCD50053F797 /* Products.json */; };
		6FB83F26229DFCD50053F797 /* Persons.json in Resources */ = {isa = PBXBuildFile; fileRef = 6FB83F23229DFCD50053F797 /* Persons.json */; };
		6FB83F29229DFD510053F797 /* JSONReader.swift in Sources */ = {isa = PBXBuildFile; fileRef = 6FB83F28229DFD510053F797 /* JSONReader.swift */; };
		6FD86468228A3FE7006BFC7A /* Product.swift in Sources */ = {isa = PBXBuildFile; fileRef = 6FD86467228A3FE7006BFC7A /* Product.swift */; };
		6FD8646A228A4098006BFC7A /* Store.swift in Sources */ = {isa = PBXBuildFile; fileRef = 6FD86469228A4098006BFC7A /* Store.swift */; };
		6FD8646C228A413A006BFC7A /* Person.swift in Sources */ = {isa = PBXBuildFile; fileRef = 6FD8646B228A413A006BFC7A /* Person.swift */; };
		6FD8646E228A42F6006BFC7A /* Price.swift in Sources */ = {isa = PBXBuildFile; fileRef = 6FD8646D228A42F6006BFC7A /* Price.swift */; };
		6FD86470228A49FA006BFC7A /* Pricing.swift in Sources */ = {isa = PBXBuildFile; fileRef = 6FD8646F228A49FA006BFC7A /* Pricing.swift */; };
/* End PBXBuildFile section */

/* Begin PBXFileReference section */
		6F635841228222AA0051DAE1 /* Pricing.app */ = {isa = PBXFileReference; explicitFileType = wrapper.application; includeInIndex = 0; path = Pricing.app; sourceTree = BUILT_PRODUCTS_DIR; };
		6F635844228222AA0051DAE1 /* AppDelegate.swift */ = {isa = PBXFileReference; lastKnownFileType = sourcecode.swift; path = AppDelegate.swift; sourceTree = "<group>"; };
		6F635846228222AA0051DAE1 /* PricingViewController.swift */ = {isa = PBXFileReference; lastKnownFileType = sourcecode.swift; path = PricingViewController.swift; sourceTree = "<group>"; };
		6F635848228222AC0051DAE1 /* Assets.xcassets */ = {isa = PBXFileReference; lastKnownFileType = folder.assetcatalog; path = Assets.xcassets; sourceTree = "<group>"; };
		6F63584B228222AC0051DAE1 /* Base */ = {isa = PBXFileReference; lastKnownFileType = file.storyboard; name = Base; path = Base.lproj/Main.storyboard; sourceTree = "<group>"; };
		6F63584D228222AC0051DAE1 /* Info.plist */ = {isa = PBXFileReference; lastKnownFileType = text.plist.xml; path = Info.plist; sourceTree = "<group>"; };
		6F63584E228222AC0051DAE1 /* Pricing.entitlements */ = {isa = PBXFileReference; lastKnownFileType = text.plist.entitlements; path = Pricing.entitlements; sourceTree = "<group>"; };
		6F8BF47522B19C6500A64DD9 /* LoginService.swift */ = {isa = PBXFileReference; lastKnownFileType = sourcecode.swift; path = LoginService.swift; sourceTree = "<group>"; };
		6F8BF47722B1B0DA00A64DD9 /* PricingListViewController.swift */ = {isa = PBXFileReference; lastKnownFileType = sourcecode.swift; path = PricingListViewController.swift; sourceTree = "<group>"; };
		6FB0658522AED7920040608F /* LoginViewController.swift */ = {isa = PBXFileReference; lastKnownFileType = sourcecode.swift; path = LoginViewController.swift; sourceTree = "<group>"; };
		6FB83F21229DFCD50053F797 /* Stores.json */ = {isa = PBXFileReference; fileEncoding = 4; lastKnownFileType = text.json; path = Stores.json; sourceTree = "<group>"; };
		6FB83F22229DFCD50053F797 /* Products.json */ = {isa = PBXFileReference; fileEncoding = 4; lastKnownFileType = text.json; path = Products.json; sourceTree = "<group>"; };
		6FB83F23229DFCD50053F797 /* Persons.json */ = {isa = PBXFileReference; fileEncoding = 4; lastKnownFileType = text.json; path = Persons.json; sourceTree = "<group>"; };
		6FB83F28229DFD510053F797 /* JSONReader.swift */ = {isa = PBXFileReference; lastKnownFileType = sourcecode.swift; path = JSONReader.swift; sourceTree = "<group>"; };
		6FD86467228A3FE7006BFC7A /* Product.swift */ = {isa = PBXFileReference; lastKnownFileType = sourcecode.swift; path = Product.swift; sourceTree = "<group>"; };
		6FD86469228A4098006BFC7A /* Store.swift */ = {isa = PBXFileReference; lastKnownFileType = sourcecode.swift; path = Store.swift; sourceTree = "<group>"; };
		6FD8646B228A413A006BFC7A /* Person.swift */ = {isa = PBXFileReference; lastKnownFileType = sourcecode.swift; path = Person.swift; sourceTree = "<group>"; };
		6FD8646D228A42F6006BFC7A /* Price.swift */ = {isa = PBXFileReference; lastKnownFileType = sourcecode.swift; path = Price.swift; sourceTree = "<group>"; };
		6FD8646F228A49FA006BFC7A /* Pricing.swift */ = {isa = PBXFileReference; lastKnownFileType = sourcecode.swift; path = Pricing.swift; sourceTree = "<group>"; };
/* End PBXFileReference section */

/* Begin PBXFrameworksBuildPhase section */
		6F63583E228222AA0051DAE1 /* Frameworks */ = {
			isa = PBXFrameworksBuildPhase;
			buildActionMask = 2147483647;
			files = (
			);
			runOnlyForDeploymentPostprocessing = 0;
		};
/* End PBXFrameworksBuildPhase section */

/* Begin PBXGroup section */
		6F635838228222AA0051DAE1 = {
			isa = PBXGroup;
			children = (
				6F635843228222AA0051DAE1 /* Pricing */,
				6F635842228222AA0051DAE1 /* Products */,
			);
			sourceTree = "<group>";
		};
		6F635842228222AA0051DAE1 /* Products */ = {
			isa = PBXGroup;
			children = (
				6F635841228222AA0051DAE1 /* Pricing.app */,
			);
			name = Products;
			sourceTree = "<group>";
		};
		6F635843228222AA0051DAE1 /* Pricing */ = {
			isa = PBXGroup;
			children = (
				6FB83F27229DFD3D0053F797 /* JSONReader */,
				6FB83F23229DFCD50053F797 /* Persons.json */,
				6FB83F22229DFCD50053F797 /* Products.json */,
				6FB83F21229DFCD50053F797 /* Stores.json */,
				6FD86466228A3FD0006BFC7A /* Model */,
				6F635844228222AA0051DAE1 /* AppDelegate.swift */,
				6F635846228222AA0051DAE1 /* PricingViewController.swift */,
				6F635848228222AC0051DAE1 /* Assets.xcassets */,
				6F63584A228222AC0051DAE1 /* Main.storyboard */,
				6F63584D228222AC0051DAE1 /* Info.plist */,
				6F63584E228222AC0051DAE1 /* Pricing.entitlements */,
				6FB0658522AED7920040608F /* LoginViewController.swift */,
				6F8BF47522B19C6500A64DD9 /* LoginService.swift */,
				6F8BF47722B1B0DA00A64DD9 /* PricingListViewController.swift */,
			);
			path = Pricing;
			sourceTree = "<group>";
		};
		6FB83F27229DFD3D0053F797 /* JSONReader */ = {
			isa = PBXGroup;
			children = (
				6FB83F28229DFD510053F797 /* JSONReader.swift */,
			);
			path = JSONReader;
			sourceTree = "<group>";
		};
		6FD86466228A3FD0006BFC7A /* Model */ = {
			isa = PBXGroup;
			children = (
				6FD86467228A3FE7006BFC7A /* Product.swift */,
				6FD86469228A4098006BFC7A /* Store.swift */,
				6FD8646B228A413A006BFC7A /* Person.swift */,
				6FD8646D228A42F6006BFC7A /* Price.swift */,
				6FD8646F228A49FA006BFC7A /* Pricing.swift */,
			);
			path = Model;
			sourceTree = "<group>";
		};
/* End PBXGroup section */

/* Begin PBXNativeTarget section */
		6F635840228222AA0051DAE1 /* Pricing */ = {
			isa = PBXNativeTarget;
			buildConfigurationList = 6F635851228222AC0051DAE1 /* Build configuration list for PBXNativeTarget "Pricing" */;
			buildPhases = (
				6F63583D228222AA0051DAE1 /* Sources */,
				6F63583E228222AA0051DAE1 /* Frameworks */,
				6F63583F228222AA0051DAE1 /* Resources */,
			);
			buildRules = (
			);
			dependencies = (
			);
			name = Pricing;
			productName = Pricing;
			productReference = 6F635841228222AA0051DAE1 /* Pricing.app */;
			productType = "com.apple.product-type.application";
		};
/* End PBXNativeTarget section */

/* Begin PBXProject section */
		6F635839228222AA0051DAE1 /* Project object */ = {
			isa = PBXProject;
			attributes = {
				LastSwiftUpdateCheck = 1010;
				LastUpgradeCheck = 1010;
				ORGANIZATIONNAME = brunomarinho;
				TargetAttributes = {
					6F635840228222AA0051DAE1 = {
						CreatedOnToolsVersion = 10.1;
					};
				};
			};
			buildConfigurationList = 6F63583C228222AA0051DAE1 /* Build configuration list for PBXProject "Pricing" */;
			compatibilityVersion = "Xcode 9.3";
			developmentRegion = en;
			hasScannedForEncodings = 0;
			knownRegions = (
				en,
				Base,
			);
			mainGroup = 6F635838228222AA0051DAE1;
			productRefGroup = 6F635842228222AA0051DAE1 /* Products */;
			projectDirPath = "";
			projectRoot = "";
			targets = (
				6F635840228222AA0051DAE1 /* Pricing */,
			);
		};
/* End PBXProject section */

/* Begin PBXResourcesBuildPhase section */
		6F63583F228222AA0051DAE1 /* Resources */ = {
			isa = PBXResourcesBuildPhase;
			buildActionMask = 2147483647;
			files = (
				6FB83F24229DFCD50053F797 /* Stores.json in Resources */,
				6FB83F26229DFCD50053F797 /* Persons.json in Resources */,
				6FB83F25229DFCD50053F797 /* Products.json in Resources */,
				6F635849228222AC0051DAE1 /* Assets.xcassets in Resources */,
				6F63584C228222AC0051DAE1 /* Main.storyboard in Resources */,
			);
			runOnlyForDeploymentPostprocessing = 0;
		};
/* End PBXResourcesBuildPhase section */

/* Begin PBXSourcesBuildPhase section */
		6F63583D228222AA0051DAE1 /* Sources */ = {
			isa = PBXSourcesBuildPhase;
			buildActionMask = 2147483647;
			files = (
				6FB0658722AED7920040608F /* LoginViewController.swift in Sources */,
				6FB83F29229DFD510053F797 /* JSONReader.swift in Sources */,
				6FD8646C228A413A006BFC7A /* Person.swift in Sources */,
				6FD86470228A49FA006BFC7A /* Pricing.swift in Sources */,
				6F8BF47822B1B0DA00A64DD9 /* PricingListViewController.swift in Sources */,
				6F635847228222AA0051DAE1 /* PricingViewController.swift in Sources */,
				6F635845228222AA0051DAE1 /* AppDelegate.swift in Sources */,
				6FD86468228A3FE7006BFC7A /* Product.swift in Sources */,
				6F8BF47622B19C6500A64DD9 /* LoginService.swift in Sources */,
				6FD8646A228A4098006BFC7A /* Store.swift in Sources */,
				6FD8646E228A42F6006BFC7A /* Price.swift in Sources */,
			);
			runOnlyForDeploymentPostprocessing = 0;
		};
/* End PBXSourcesBuildPhase section */

/* Begin PBXVariantGroup section */
		6F63584A228222AC0051DAE1 /* Main.storyboard */ = {
			isa = PBXVariantGroup;
			children = (
				6F63584B228222AC0051DAE1 /* Base */,
			);
			name = Main.storyboard;
			sourceTree = "<group>";
		};
/* End PBXVariantGroup section */

/* Begin XCBuildConfiguration section */
		6F63584F228222AC0051DAE1 /* Debug */ = {
			isa = XCBuildConfiguration;
			buildSettings = {
				ALWAYS_SEARCH_USER_PATHS = NO;
				CLANG_ANALYZER_NONNULL = YES;
				CLANG_ANALYZER_NUMBER_OBJECT_CONVERSION = YES_AGGRESSIVE;
				CLANG_CXX_LANGUAGE_STANDARD = "gnu++14";
				CLANG_CXX_LIBRARY = "libc++";
				CLANG_ENABLE_MODULES = YES;
				CLANG_ENABLE_OBJC_ARC = YES;
				CLANG_ENABLE_OBJC_WEAK = YES;
				CLANG_WARN_BLOCK_CAPTURE_AUTORELEASING = YES;
				CLANG_WARN_BOOL_CONVERSION = YES;
				CLANG_WARN_COMMA = YES;
				CLANG_WARN_CONSTANT_CONVERSION = YES;
				CLANG_WARN_DEPRECATED_OBJC_IMPLEMENTATIONS = YES;
				CLANG_WARN_DIRECT_OBJC_ISA_USAGE = YES_ERROR;
				CLANG_WARN_DOCUMENTATION_COMMENTS = YES;
				CLANG_WARN_EMPTY_BODY = YES;
				CLANG_WARN_ENUM_CONVERSION = YES;
				CLANG_WARN_INFINITE_RECURSION = YES;
				CLANG_WARN_INT_CONVERSION = YES;
				CLANG_WARN_NON_LITERAL_NULL_CONVERSION = YES;
				CLANG_WARN_OBJC_IMPLICIT_RETAIN_SELF = YES;
				CLANG_WARN_OBJC_LITERAL_CONVERSION = YES;
				CLANG_WARN_OBJC_ROOT_CLASS = YES_ERROR;
				CLANG_WARN_RANGE_LOOP_ANALYSIS = YES;
				CLANG_WARN_STRICT_PROTOTYPES = YES;
				CLANG_WARN_SUSPICIOUS_MOVE = YES;
				CLANG_WARN_UNGUARDED_AVAILABILITY = YES_AGGRESSIVE;
				CLANG_WARN_UNREACHABLE_CODE = YES;
				CLANG_WARN__DUPLICATE_METHOD_MATCH = YES;
				CODE_SIGN_IDENTITY = "-";
				COPY_PHASE_STRIP = NO;
				DEBUG_INFORMATION_FORMAT = dwarf;
				ENABLE_STRICT_OBJC_MSGSEND = YES;
				ENABLE_TESTABILITY = YES;
				GCC_C_LANGUAGE_STANDARD = gnu11;
				GCC_DYNAMIC_NO_PIC = NO;
				GCC_NO_COMMON_BLOCKS = YES;
				GCC_OPTIMIZATION_LEVEL = 0;
				GCC_PREPROCESSOR_DEFINITIONS = (
					"DEBUG=1",
					"$(inherited)",
				);
				GCC_WARN_64_TO_32_BIT_CONVERSION = YES;
				GCC_WARN_ABOUT_RETURN_TYPE = YES_ERROR;
				GCC_WARN_UNDECLARED_SELECTOR = YES;
				GCC_WARN_UNINITIALIZED_AUTOS = YES_AGGRESSIVE;
				GCC_WARN_UNUSED_FUNCTION = YES;
				GCC_WARN_UNUSED_VARIABLE = YES;
				MACOSX_DEPLOYMENT_TARGET = 10.14;
				MTL_ENABLE_DEBUG_INFO = INCLUDE_SOURCE;
				MTL_FAST_MATH = YES;
				ONLY_ACTIVE_ARCH = YES;
				SDKROOT = macosx;
				SWIFT_ACTIVE_COMPILATION_CONDITIONS = DEBUG;
				SWIFT_OPTIMIZATION_LEVEL = "-Onone";
			};
			name = Debug;
		};
		6F635850228222AC0051DAE1 /* Release */ = {
			isa = XCBuildConfiguration;
			buildSettings = {
				ALWAYS_SEARCH_USER_PATHS = NO;
				CLANG_ANALYZER_NONNULL = YES;
				CLANG_ANALYZER_NUMBER_OBJECT_CONVERSION = YES_AGGRESSIVE;
				CLANG_CXX_LANGUAGE_STANDARD = "gnu++14";
				CLANG_CXX_LIBRARY = "libc++";
				CLANG_ENABLE_MODULES = YES;
				CLANG_ENABLE_OBJC_ARC = YES;
				CLANG_ENABLE_OBJC_WEAK = YES;
				CLANG_WARN_BLOCK_CAPTURE_AUTORELEASING = YES;
				CLANG_WARN_BOOL_CONVERSION = YES;
				CLANG_WARN_COMMA = YES;
				CLANG_WARN_CONSTANT_CONVERSION = YES;
				CLANG_WARN_DEPRECATED_OBJC_IMPLEMENTATIONS = YES;
				CLANG_WARN_DIRECT_OBJC_ISA_USAGE = YES_ERROR;
				CLANG_WARN_DOCUMENTATION_COMMENTS = YES;
				CLANG_WARN_EMPTY_BODY = YES;
				CLANG_WARN_ENUM_CONVERSION = YES;
				CLANG_WARN_INFINITE_RECURSION = YES;
				CLANG_WARN_INT_CONVERSION = YES;
				CLANG_WARN_NON_LITERAL_NULL_CONVERSION = YES;
				CLANG_WARN_OBJC_IMPLICIT_RETAIN_SELF = YES;
				CLANG_WARN_OBJC_LITERAL_CONVERSION = YES;
				CLANG_WARN_OBJC_ROOT_CLASS = YES_ERROR;
				CLANG_WARN_RANGE_LOOP_ANALYSIS = YES;
				CLANG_WARN_STRICT_PROTOTYPES = YES;
				CLANG_WARN_SUSPICIOUS_MOVE = YES;
				CLANG_WARN_UNGUARDED_AVAILABILITY = YES_AGGRESSIVE;
				CLANG_WARN_UNREACHABLE_CODE = YES;
				CLANG_WARN__DUPLICATE_METHOD_MATCH = YES;
				CODE_SIGN_IDENTITY = "-";
				COPY_PHASE_STRIP = NO;
				DEBUG_INFORMATION_FORMAT = "dwarf-with-dsym";
				ENABLE_NS_ASSERTIONS = NO;
				ENABLE_STRICT_OBJC_MSGSEND = YES;
				GCC_C_LANGUAGE_STANDARD = gnu11;
				GCC_NO_COMMON_BLOCKS = YES;
				GCC_WARN_64_TO_32_BIT_CONVERSION = YES;
				GCC_WARN_ABOUT_RETURN_TYPE = YES_ERROR;
				GCC_WARN_UNDECLARED_SELECTOR = YES;
				GCC_WARN_UNINITIALIZED_AUTOS = YES_AGGRESSIVE;
				GCC_WARN_UNUSED_FUNCTION = YES;
				GCC_WARN_UNUSED_VARIABLE = YES;
				MACOSX_DEPLOYMENT_TARGET = 10.14;
				MTL_ENABLE_DEBUG_INFO = NO;
				MTL_FAST_MATH = YES;
				SDKROOT = macosx;
				SWIFT_COMPILATION_MODE = wholemodule;
				SWIFT_OPTIMIZATION_LEVEL = "-O";
			};
			name = Release;
		};
		6F635852228222AC0051DAE1 /* Debug */ = {
			isa = XCBuildConfiguration;
			buildSettings = {
				ASSETCATALOG_COMPILER_APPICON_NAME = AppIcon;
				CODE_SIGN_ENTITLEMENTS = Pricing/Pricing.entitlements;
				CODE_SIGN_STYLE = Automatic;
				COMBINE_HIDPI_IMAGES = YES;
				INFOPLIST_FILE = Pricing/Info.plist;
				LD_RUNPATH_SEARCH_PATHS = (
					"$(inherited)",
					"@executable_path/../Frameworks",
				);
				PRODUCT_BUNDLE_IDENTIFIER = com.bruno.marinho.Pricing;
				PRODUCT_NAME = "$(TARGET_NAME)";
				SWIFT_VERSION = 4.2;
			};
			name = Debug;
		};
		6F635853228222AC0051DAE1 /* Release */ = {
			isa = XCBuildConfiguration;
			buildSettings = {
				ASSETCATALOG_COMPILER_APPICON_NAME = AppIcon;
				CODE_SIGN_ENTITLEMENTS = Pricing/Pricing.entitlements;
				CODE_SIGN_STYLE = Automatic;
				COMBINE_HIDPI_IMAGES = YES;
				INFOPLIST_FILE = Pricing/Info.plist;
				LD_RUNPATH_SEARCH_PATHS = (
					"$(inherited)",
					"@executable_path/../Frameworks",
				);
				PRODUCT_BUNDLE_IDENTIFIER = com.bruno.marinho.Pricing;
				PRODUCT_NAME = "$(TARGET_NAME)";
				SWIFT_VERSION = 4.2;
			};
			name = Release;
		};
/* End XCBuildConfiguration section */

/* Begin XCConfigurationList section */
		6F63583C228222AA0051DAE1 /* Build configuration list for PBXProject "Pricing" */ = {
			isa = XCConfigurationList;
			buildConfigurations = (
				6F63584F228222AC0051DAE1 /* Debug */,
				6F635850228222AC0051DAE1 /* Release */,
			);
			defaultConfigurationIsVisible = 0;
			defaultConfigurationName = Release;
		};
		6F635851228222AC0051DAE1 /* Build configuration list for PBXNativeTarget "Pricing" */ = {
			isa = XCConfigurationList;
			buildConfigurations = (
				6F635852228222AC0051DAE1 /* Debug */,
				6F635853228222AC0051DAE1 /* Release */,
			);
			defaultConfigurationIsVisible = 0;
			defaultConfigurationName = Release;
		};
/* End XCConfigurationList section */
	};
	rootObject = 6F635839228222AA0051DAE1 /* Project object */;
}
